
Microsoft Visual Studio Solution File, Format Version 12.00
# Visual Studio Version 17
VisualStudioVersion = 17.7.34031.279
MinimumVisualStudioVersion = 10.0.40219.1
Project("{9A19103F-16F7-4668-BE54-9A1E7A4F7556}") = "MVVM", "MVVM\MVVM.csproj", "{D781E133-9FF6-4407-A2C5-A4B20D816B73}"
EndProject
Project("{9A19103F-16F7-4668-BE54-9A1E7A4F7556}") = "MVVM.Desktop", "MVVM.Desktop\MVVM.Desktop.csproj", "{E365600D-B8C2-4526-B325-8DF89A13CB8B}"
EndProject
Global
	GlobalSection(SolutionConfigurationPlatforms) = preSolution
		Debug|Any CPU = Debug|Any CPU
		Release|Any CPU = Release|Any CPU
	EndGlobalSection
	GlobalSection(ProjectConfigurationPlatforms) = postSolution
		{D781E133-9FF6-4407-A2C5-A4B20D816B73}.Debug|Any CPU.ActiveCfg = Debug|Any CPU
		{D781E133-9FF6-4407-A2C5-A4B20D816B73}.Debug|Any CPU.Build.0 = Debug|Any CPU
		{D781E133-9FF6-4407-A2C5-A4B20D816B73}.Release|Any CPU.ActiveCfg = Release|Any CPU
		{D781E133-9FF6-4407-A2C5-A4B20D816B73}.Release|Any CPU.Build.0 = Release|Any CPU
		{E365600D-B8C2-4526-B325-8DF89A13CB8B}.Debug|Any CPU.ActiveCfg = Debug|Any CPU
		{E365600D-B8C2-4526-B325-8DF89A13CB8B}.Debug|Any CPU.Build.0 = Debug|Any CPU
		{E365600D-B8C2-4526-B325-8DF89A13CB8B}.Release|Any CPU.ActiveCfg = Release|Any CPU
		{E365600D-B8C2-4526-B325-8DF89A13CB8B}.Release|Any CPU.Build.0 = Release|Any CPU
	EndGlobalSection
	GlobalSection(SolutionProperties) = preSolution
		HideSolutionNode = FALSE
	EndGlobalSection
	GlobalSection(ExtensibilityGlobals) = postSolution
		SolutionGuid = {12A5626F-AF30-4F3C-9876-C3FB3FD5AEFF}
	EndGlobalSection
EndGlobal
